Microsoft Visual Studio Solution File, Format Version 11.00
# Visual Studio 2010
Project("{FAE04EC0-301F-11D3-BF4B-00C04F79EFBC}") = "insertar_productos", "insertar_productos\insertar_productos.csproj", "{7E8568E2-C6F4-41B1-A7B4-C1F234435779}"
EndProject
Global
	GlobalSection(SolutionConfigurationPlatforms) = preSolution
		Debug|Any CPU = Debug|Any CPU
		Release|Any CPU = Release|Any CPU
	EndGlobalSection
	GlobalSection(ProjectConfigurationPlatforms) = postSolution
		{7E8568E2-C6F4-41B1-A7B4-C1F234435779}.Debug|Any CPU.ActiveCfg = Debug|Any CPU
		{7E8568E2-C6F4-41B1-A7B4-C1F234435779}.Debug|Any CPU.Build.0 = Debug|Any CPU
		{7E8568E2-C6F4-41B1-A7B4-C1F234435779}.Release|Any CPU.ActiveCfg = Release|Any CPU
		{7E8568E2-C6F4-41B1-A7B4-C1F234435779}.Release|Any CPU.Build.0 = Release|Any CPU
	EndGlobalSection
	GlobalSection(SolutionProperties) = preSolution
		HideSolutionNode = FALSE
	EndGlobalSection
EndGlobal
